
Microsoft Visual Studio Solution File, Format Version 12.00
# Visual Studio Version 16
VisualStudioVersion = 16.0.31702.278
MinimumVisualStudioVersion = 10.0.40219.1
Project("{FAE04EC0-301F-11D3-BF4B-00C04F79EFBC}") = "Milestone Project CST150", "Milestone Project CST150\Milestone Project CST150.csproj", "{051CC5F4-3C42-47A7-9B6B-79F321F18B1A}"
EndProject
Global
	GlobalSection(SolutionConfigurationPlatforms) = preSolution
		Debug|Any CPU = Debug|Any CPU
		Release|Any CPU = Release|Any CPU
	EndGlobalSection
	GlobalSection(ProjectConfigurationPlatforms) = postSolution
		{051CC5F4-3C42-47A7-9B6B-79F321F18B1A}.Debug|Any CPU.ActiveCfg = Debug|Any CPU
		{051CC5F4-3C42-47A7-9B6B-79F321F18B1A}.Debug|Any CPU.Build.0 = Debug|Any CPU
		{051CC5F4-3C42-47A7-9B6B-79F321F18B1A}.Release|Any CPU.ActiveCfg = Release|Any CPU
		{051CC5F4-3C42-47A7-9B6B-79F321F18B1A}.Release|Any CPU.Build.0 = Release|Any CPU
	EndGlobalSection
	GlobalSection(SolutionProperties) = preSolution
		HideSolutionNode = FALSE
	EndGlobalSection
	GlobalSection(ExtensibilityGlobals) = postSolution
		SolutionGuid = {18F830C8-2740-4E19-BE48-400BD68F2BF4}
	EndGlobalSection
EndGlobal
